
Microsoft Visual Studio Solution File, Format Version 12.00
# Visual Studio 15
VisualStudioVersion = 15.0.28010.2041
MinimumVisualStudioVersion = 10.0.40219.1
Project("{9A19103F-16F7-4668-BE54-9A1E7A4F7556}") = "ClassifyTextTry", "ClassifyTextTry\ClassifyTextTry.csproj", "{48CCE77B-A8D2-4569-BA05-D067D9DBC3FF}"
EndProject
Project("{FAE04EC0-301F-11D3-BF4B-00C04F79EFBC}") = "UnitTest", "UnitTest\UnitTest.csproj", "{541BCB31-2FC8-4806-81B7-AD4D05A3D2B8}"
EndProject
Global
	GlobalSection(SolutionConfigurationPlatforms) = preSolution
		Debug|Any CPU = Debug|Any CPU
		Release|Any CPU = Release|Any CPU
	EndGlobalSection
	GlobalSection(ProjectConfigurationPlatforms) = postSolution
		{48CCE77B-A8D2-4569-BA05-D067D9DBC3FF}.Debug|Any CPU.ActiveCfg = Debug|Any CPU
		{48CCE77B-A8D2-4569-BA05-D067D9DBC3FF}.Debug|Any CPU.Build.0 = Debug|Any CPU
		{48CCE77B-A8D2-4569-BA05-D067D9DBC3FF}.Release|Any CPU.ActiveCfg = Release|Any CPU
		{48CCE77B-A8D2-4569-BA05-D067D9DBC3FF}.Release|Any CPU.Build.0 = Release|Any CPU
		{541BCB31-2FC8-4806-81B7-AD4D05A3D2B8}.Debug|Any CPU.ActiveCfg = Debug|Any CPU
		{541BCB31-2FC8-4806-81B7-AD4D05A3D2B8}.Debug|Any CPU.Build.0 = Debug|Any CPU
		{541BCB31-2FC8-4806-81B7-AD4D05A3D2B8}.Release|Any CPU.ActiveCfg = Release|Any CPU
		{541BCB31-2FC8-4806-81B7-AD4D05A3D2B8}.Release|Any CPU.Build.0 = Release|Any CPU
	EndGlobalSection
	GlobalSection(SolutionProperties) = preSolution
		HideSolutionNode = FALSE
	EndGlobalSection
	GlobalSection(ExtensibilityGlobals) = postSolution
		SolutionGuid = {5395FB2B-8323-4C73-9E8B-E9D8B9FA7E5E}
	EndGlobalSection
EndGlobal
